shylinux.com/x/go-git/v5 v5.6.5 h1:PCsK8F6RqBhlxP7b9/WRNlqZRNLdlzXIRW2wY+ZWU/8=
shylinux.com/x/go-git/v5 v5.6.5/go.mod h1:ACsPql4xUpodEJLKmqYNi6w8LuOOL6IHDhlxV+HGKAM=
shylinux.com/x/go-qrcode v0.0.2 h1:/c0PLj+1RT+kUPfnZVXwgbgH5m1SxBUjM2MIKXbDk+E=
shylinux.com/x/go-qrcode v0.0.2/go.mod h1:TlzGBENHXy19xC3AsC6h4Vs5fx2ZuDA4TZ0U3C2OeK4=
shylinux.com/x/toolkits v0.7.7 h1:2wNIYDkngTcFDBKaMg9i91liQotnJgsbxjaN8sxnrno=
shylinux.com/x/toolkits v0.7.7/go.mod h1:CHDJarGlDkg60kVsvMLYL/a5hAnRLEOShiEsMOuEp0Q=
shylinux.com/x/websocket v0.0.2 h1:aeeZyAsh6QN7+l5oMXlO9/rlQgx6CHvDtpZyAqMCSlU=
shylinux.com/x/websocket v0.0.2/go.mod h1:yMcu4XS6JB11YRISXwvubh7dPM6rWPdzIRv0CrshQBY=
